lockfileVersion: '9.0'

settings:
  autoInstallPeers: true
  excludeLinksFromLockfile: false

importers:

  .:
    dependencies:
      '@primeng/themes':
        specifier: ^21.0.4
        version: 21.0.4
      postcss:
        specifier: ^8.5.28
        version: 8.5.28
      primeng:
        specifier: ^22.1.2
        version: 22.1.2(8dd368ec82fe13c29f0f40ee233e80ce)
      tailwindcss:
        specifier: ^4.3.3
        version: 4.3.3

packages:

  '@angular/cdk@22.2.1':
    resolution: {integrity: sha512-0vjlqYBbLif1EwHhKz2r4thTDvtRI2CKi2js9TzPRD0n4VlFUnAXaaW47s5TCCObIoYun6Bo1zZ0uPgwb+qEMw==}
    peerDependencies:
      '@angular/common': ^22.0.0 || ^23.0.0
      '@angular/core': ^22.0.0 || ^23.0.0
      '@angular/forms': ^22.0.0 || ^23.0.0
      '@angular/platform-browser': ^22.0.0 || ^23.0.0
      rxjs: ^6.5.3 || ^7.4.0

  '@angular/common@22.2.1':
    resolution: {integrity: sha512-OqBH3EY4i8e3PvnYDugZGipSs1HWs2ZrqoClndKtFDS9mQULSSuLoxjG9nF1J/c+yUqhuyZlHjkXWS0n32pEfw==}
    engines: {node: ^22.22.3 || ^24.15.0 || >=26.0.0}
    peerDependencies:
      '@angular/core': 22.2.1
      rxjs: ^6.5.3 || ^7.4.0

  '@angular/core@22.2.1':
    resolution: {integrity: sha512-a8WlYTRiaMPz1KvLE5xjeWrLyZUuQX8bh6Ak7zajUci9iWsTUQefschjSwP1WKlin3JhM3XjmsTEDyZvSLIfRg==}
    engines: {node: ^22.22.3 || ^24.15.0 || >=26.0.0}
    peerDependencies:
      '@angular/compiler': 22.2.1
      rxjs: ^6.5.3 || ^7.4.0
      zone.js: ~0.15.0 || ~0.16.0
    peerDependenciesMeta:
      '@angular/compiler':
        optional: true
      zone.js:
        optional: true

  '@angular/forms@22.2.1':
    resolution: {integrity: sha512-xHM+PhrvYDJ+edPxh6PWhkE99tXWbsMcxdXCWF6QcyByX+bsW2rVlNZ7dumOsUle9MYa8Yj0lZFACUWbwFw+4w==}
    engines: {node: ^22.22.3 || ^24.15.0 || >=26.0.0}
    peerDependencies:
      '@angular/common': 22.2.1
      '@angular/core': 22.2.1
      '@angular/platform-browser': 22.2.1
      rxjs: ^6.5.3 || ^7.4.0

  '@angular/platform-browser@22.2.1':
    resolution: {integrity: sha512-KQ3oguemaSqyNP00yqEvPouY7NC4Lji+6S8yfjaWaUZjSth/GckpeP/Fo9HtMqd04y6MZ6lEb2hbQtTqFcSdEQ==}
    engines: {node: ^22.22.3 || ^24.15.0 || >=26.0.0}
    peerDependencies:
      '@angular/animations': 22.2.1
      '@angular/common': 22.2.1
      '@angular/core': 22.2.1
    peerDependenciesMeta:
      '@angular/animations':
        optional: true

  '@angular/router@22.2.1':
    resolution: {integrity: sha512-HJfJ4yA1znKd9YFtbDOJfKmD12x0PhS7LkmYdWlJRu2WkQZRBVrdGKdmbvV5UvrqCRllVWKpzw1TIZJM69rlcw==}
    engines: {node: ^22.22.3 || ^24.15.0 || >=26.0.0}
    peerDependencies:
      '@angular/common': 22.2.1
      '@angular/core': 22.2.1
      '@angular/platform-browser': 22.2.1
      rxjs: ^6.5.3 || ^7.4.0

  '@primeicons/angular@8.0.2':
    resolution: {integrity: sha512-4btWhgztXMmjUozwsWH28QjVPfZYLGZBlqBCnV4c0WtBk9gWle5N2EyBRPOUEO4QKScHwUbNZ+29dX5ZsTeDMQ==}
    peerDependencies:
      '@angular/core': '>=21'

  '@primeicons/core@8.0.2':
    resolution: {integrity: sha512-VySryvfIQH2xzNVXISIQg357gAt4oFYX2vKy27tWMB7UvEHu/gjRpeilBty3LBln7oVuAdFLPYOWr/FtTH8eJw==}

  '@primeng/themes@21.0.4':
    resolution: {integrity: sha512-WDF8pj91K3ItGmUJB91T1mRj6ut3dCMz4/5rb1sZR6sjxP7jX06PT/uXkKF8sz60ewEEBbh3yK98Js/mKxev3A==}
    deprecated: 'Deprecated. This package is no longer maintained. Please migrate to @primeuix/themes: https://www.npmjs.com/package/@primeuix/themes'

  '@primeui/license-manager@1.1.0':
    resolution: {integrity: sha512-irjhOGs6Xjwh1JhMyXtdUsYCsve6kBySZzDUhS/mWxsjwQm/wSN7oulyP/f5huJKdhZSzaN6rVApwpp4nDWE1g==}

  '@primeuix/motion@1.0.0':
    resolution: {integrity: sha512-rqpFRKmUVp9BI3YQKdok0rLUwzYShXzuuxy72Kq74xYRV14eR+4+XrIXOdyVs7j7CYV0ajYowiRpJCrVgdrq6A==}
    engines: {node: '>=12.11.0'}

  '@primeuix/styled@0.7.4':
    resolution: {integrity: sha512-QSO/NpOQg8e9BONWRBx9y8VGMCMYz0J/uKfNJEya/RGEu7ARx0oYW0ugI1N3/KB1AAvyGxzKBzGImbwg0KUiOQ==}
    engines: {node: '>=12.11.0'}

  '@primeuix/styled@1.0.0':
    resolution: {integrity: sha512-6SXoeQWwKswSqTv1ygaXNfY7otHo6Rb9mxbKJK5WF8adWlZ6CtwmlNfIP+p8cH/zGccsei/5Bu7IetXlMoZGjQ==}
    engines: {node: '>=12.11.0'}

  '@primeuix/styles@3.0.1':
    resolution: {integrity: sha512-imoAB/1DxoqKyo7WpML78VVNgNeuSranI9JNSwLD/BhtLZrXh4FLZz0uGLK2lM85opUPJ5cS2ZmBD/+dJ2sm5A==}

  '@primeuix/themes@2.0.3':
    resolution: {integrity: sha512-3fS1883mtCWhgUgNf/feiaaDSOND4EBIOu9tZnzJlJ8QtYyL6eFLcA6V3ymCWqLVXQ1+lTVEZv1gl47FIdXReg==}

  '@primeuix/utils@0.6.4':
    resolution: {integrity: sha512-pZ5f+vj7wSzRhC7KoEQRU5fvYAe+RP9+m39CTscZ3UywCD1Y2o6Fe1rRgklMPSkzUcty2jzkA0zMYkiJBD1hgg==}
    engines: {node: '>=12.11.0'}

  '@primeuix/utils@0.8.2':
    resolution: {integrity: sha512-4Cz5HY1XHqJwhq1ieml6l5IDkWt41Amdw/t2rAQxNXv7WwAhgb8QrnjJM6scW9h1D0PjQgm9Z3RgNlWCU+WZng==}
    engines: {node: '>=12.11.0'}

  '@standard-schema/spec@1.1.0':
    resolution: {integrity: sha512-l2aFy5jALhniG5HgqrD6jXLi/rUWrKvqN/qJx6yoJsgKhblVd+iqqU4RCXavm/jPityDo5TCvKMnpjKnOriy0w==}

  entities@8.1.0:
    resolution: {integrity: sha512-kxL7msIffSuh9aaFAMD7rxAIuTRMAHMeBtgHW2yUdWw732ZNh4MehkF2gdjvtdmikkaIP9bFDDJOPlsvm7avrA==}
    engines: {node: '>=20.19.0'}

  nanoid@3.3.19:
    resolution: {integrity: sha512-Y2tUNy4ouw6tq5oDSKeQYGOyhkUBhNOcGV/02KC+6kd9eDGqdZd++mjMiIDilrBYvjEnCYvVtsuHCuP+okSfug==}
    engines: {node: ^10 || ^12 || ^13.7 || ^14 || >=15.0.1}
    hasBin: true

  parse5@8.0.1:
    resolution: {integrity: sha512-z1e/HMG90obSGeidlli3hj7cbocou0/wa5HacvI3ASx34PecNjNQeaHNo5WIZpWofN9kgkqV1q5YvXe3F0FoPw==}

  picocolors@1.1.1:
    resolution: {integrity: sha512-xceH2snhtb5M9liqDsmEw56le376mTZkEX/jEb/RxNFyegNul7eNslCXP9FDj/Lcu0X8KEyMceP2ntpaHrDEVA==}

  postcss@8.5.28:
    resolution: {integrity: sha512-RRuzqDtt5Y9h3quz5hWhK+TPnsmVs6WwSU6LkJMeY4HstUEDuYTG8UJSdawMRzmzAtV+KEoG8N3Qg2qLy5vM/A==}
    engines: {node: ^10 || ^12 || >=14}

  primeng@22.1.2:
    resolution: {integrity: sha512-GHF3t3K+qIoFlhHMPyj3yKXabEl0Or4UOLcHCVvKeJmlMy4g2i5Z9IWEejaQkaoij4pEMz4172rmnq9Mv2V05Q==}
    peerDependencies:
      '@angular/cdk': ^22.1.0
      '@angular/common': ^22.1.0
      '@angular/core': ^22.1.0
      '@angular/forms': ^22.1.0
      '@angular/platform-browser': ^22.1.0
      '@angular/router': ^22.1.0
      rxjs: ^6.0.0 || ^7.8.1

  rxjs@7.8.2:
    resolution: {integrity: sha512-dhKf903U/PQZY6boNNtAGdWbG85WAbjT/1xYoZIC7FAY0yWapOBQVsVrDl58W86//e1VpMNBtRV4MaXfdMySFA==}

  source-map-js@1.2.2:
    resolution: {integrity: sha512-KGj/8Y43x35aZVDtt+J4mK1hoLGHULMYfSkODJNQjNDC3oW1PqPoxMwo0pLUsWM/UEGzON/NxeHywEfNXNP3Vw==}
    engines: {node: '>=0.10.0'}

  tailwindcss@4.3.3:
    resolution: {integrity: sha512-gOhV3P7ufE62QDGg1zVaTgCR+EtPv92k2nIhVcVKcLmxT1sUBsQGhnZj175j+MqRt4zLF7ic+sCYjfhxMxj7YQ==}

  tslib@2.8.1:
    resolution: {integrity: sha512-oJFu94HQb+KVduSUQL7wnpmqnfmLsOA/nAh6b6EH0wCEoK0/mPeXU6c3wKDV83MkOuHPRHtSXKKU99IBazS/2w==}

  zod@4.6.5:
    resolution: {integrity: sha512-v5l/aFXZQeai4awLbOpSoHecE9UiMrnfx75tEXLjNonXVARxQ5mOeipTjROUchszUNCqnE+hqAMujRsRHsut2Q==}

snapshots:

  '@angular/cdk@22.2.1(@angular/common@22.2.1(@angular/core@22.2.1(rxjs@7.8.2))(rxjs@7.8.2))(@angular/core@22.2.1(rxjs@7.8.2))(@angular/forms@22.2.1(@angular/common@22.2.1(@angular/core@22.2.1(rxjs@7.8.2))(rxjs@7.8.2))(@angular/core@22.2.1(rxjs@7.8.2))(@angular/platform-browser@22.2.1(@angular/common@22.2.1(@angular/core@22.2.1(rxjs@7.8.2))(rxjs@7.8.2))(@angular/core@22.2.1(rxjs@7.8.2)))(rxjs@7.8.2))(@angular/platform-browser@22.2.1(@angular/common@22.2.1(@angular/core@22.2.1(rxjs@7.8.2))(rxjs@7.8.2))(@angular/core@22.2.1(rxjs@7.8.2)))(rxjs@7.8.2)':
    dependencies:
      '@angular/common': 22.2.1(@angular/core@22.2.1(rxjs@7.8.2))(rxjs@7.8.2)
      '@angular/core': 22.2.1(rxjs@7.8.2)
      '@angular/forms': 22.2.1(@angular/common@22.2.1(@angular/core@22.2.1(rxjs@7.8.2))(rxjs@7.8.2))(@angular/core@22.2.1(rxjs@7.8.2))(@angular/platform-browser@22.2.1(@angular/common@22.2.1(@angular/core@22.2.1(rxjs@7.8.2))(rxjs@7.8.2))(@angular/core@22.2.1(rxjs@7.8.2)))(rxjs@7.8.2)
      '@angular/platform-browser': 22.2.1(@angular/common@22.2.1(@angular/core@22.2.1(rxjs@7.8.2))(rxjs@7.8.2))(@angular/core@22.2.1(rxjs@7.8.2))
      parse5: 8.0.1
      rxjs: 7.8.2
      tslib: 2.8.1

  '@angular/common@22.2.1(@angular/core@22.2.1(rxjs@7.8.2))(rxjs@7.8.2)':
    dependencies:
      '@angular/core': 22.2.1(rxjs@7.8.2)
      rxjs: 7.8.2
      tslib: 2.8.1

  '@angular/core@22.2.1(rxjs@7.8.2)':
    dependencies:
      rxjs: 7.8.2
      tslib: 2.8.1

  '@angular/forms@22.2.1(@angular/common@22.2.1(@angular/core@22.2.1(rxjs@7.8.2))(rxjs@7.8.2))(@angular/core@22.2.1(rxjs@7.8.2))(@angular/platform-browser@22.2.1(@angular/common@22.2.1(@angular/core@22.2.1(rxjs@7.8.2))(rxjs@7.8.2))(@angular/core@22.2.1(rxjs@7.8.2)))(rxjs@7.8.2)':
    dependencies:
      '@angular/common': 22.2.1(@angular/core@22.2.1(rxjs@7.8.2))(rxjs@7.8.2)
      '@angular/core': 22.2.1(rxjs@7.8.2)
      '@angular/platform-browser': 22.2.1(@angular/common@22.2.1(@angular/core@22.2.1(rxjs@7.8.2))(rxjs@7.8.2))(@angular/core@22.2.1(rxjs@7.8.2))
      '@standard-schema/spec': 1.1.0
      rxjs: 7.8.2
      tslib: 2.8.1
      zod: 4.6.5

  '@angular/platform-browser@22.2.1(@angular/common@22.2.1(@angular/core@22.2.1(rxjs@7.8.2))(rxjs@7.8.2))(@angular/core@22.2.1(rxjs@7.8.2))':
    dependencies:
      '@angular/common': 22.2.1(@angular/core@22.2.1(rxjs@7.8.2))(rxjs@7.8.2)
      '@angular/core': 22.2.1(rxjs@7.8.2)
      tslib: 2.8.1

  '@angular/router@22.2.1(@angular/common@22.2.1(@angular/core@22.2.1(rxjs@7.8.2))(rxjs@7.8.2))(@angular/core@22.2.1(rxjs@7.8.2))(@angular/platform-browser@22.2.1(@angular/common@22.2.1(@angular/core@22.2.1(rxjs@7.8.2))(rxjs@7.8.2))(@angular/core@22.2.1(rxjs@7.8.2)))(rxjs@7.8.2)':
    dependencies:
      '@angular/common': 22.2.1(@angular/core@22.2.1(rxjs@7.8.2))(rxjs@7.8.2)
      '@angular/core': 22.2.1(rxjs@7.8.2)
      '@angular/platform-browser': 22.2.1(@angular/common@22.2.1(@angular/core@22.2.1(rxjs@7.8.2))(rxjs@7.8.2))(@angular/core@22.2.1(rxjs@7.8.2))
      rxjs: 7.8.2
      tslib: 2.8.1

  '@primeicons/angular@8.0.2(@angular/core@22.2.1(rxjs@7.8.2))':
    dependencies:
      '@angular/core': 22.2.1(rxjs@7.8.2)
      '@primeicons/core': 8.0.2
      '@primeuix/utils': 0.8.2
      tslib: 2.8.1

  '@primeicons/core@8.0.2':
    dependencies:
      '@primeuix/utils': 0.8.2

  '@primeng/themes@21.0.4':
    dependencies:
      '@primeuix/styled': 0.7.4
      '@primeuix/themes': 2.0.3

  '@primeui/license-manager@1.1.0': {}

  '@primeuix/motion@1.0.0':
    dependencies:
      '@primeuix/utils': 0.8.2

  '@primeuix/styled@0.7.4':
    dependencies:
      '@primeuix/utils': 0.6.4

  '@primeuix/styled@1.0.0':
    dependencies:
      '@primeui/license-manager': 1.1.0
      '@primeuix/utils': 0.8.2

  '@primeuix/styles@3.0.1':
    dependencies:
      '@primeuix/styled': 1.0.0

  '@primeuix/themes@2.0.3':
    dependencies:
      '@primeuix/styled': 0.7.4

  '@primeuix/utils@0.6.4': {}

  '@primeuix/utils@0.8.2': {}

  '@standard-schema/spec@1.1.0': {}

  entities@8.1.0: {}

  nanoid@3.3.19: {}

  parse5@8.0.1:
    dependencies:
      entities: 8.1.0

  picocolors@1.1.1: {}

  postcss@8.5.28:
    dependencies:
      nanoid: 3.3.19
      picocolors: 1.1.1
      source-map-js: 1.2.2

  primeng@22.1.2(8dd368ec82fe13c29f0f40ee233e80ce):
    dependencies:
      '@angular/cdk': 22.2.1(@angular/common@22.2.1(@angular/core@22.2.1(rxjs@7.8.2))(rxjs@7.8.2))(@angular/core@22.2.1(rxjs@7.8.2))(@angular/forms@22.2.1(@angular/common@22.2.1(@angular/core@22.2.1(rxjs@7.8.2))(rxjs@7.8.2))(@angular/core@22.2.1(rxjs@7.8.2))(@angular/platform-browser@22.2.1(@angular/common@22.2.1(@angular/core@22.2.1(rxjs@7.8.2))(rxjs@7.8.2))(@angular/core@22.2.1(rxjs@7.8.2)))(rxjs@7.8.2))(@angular/platform-browser@22.2.1(@angular/common@22.2.1(@angular/core@22.2.1(rxjs@7.8.2))(rxjs@7.8.2))(@angular/core@22.2.1(rxjs@7.8.2)))(rxjs@7.8.2)
      '@angular/common': 22.2.1(@angular/core@22.2.1(rxjs@7.8.2))(rxjs@7.8.2)
      '@angular/core': 22.2.1(rxjs@7.8.2)
      '@angular/forms': 22.2.1(@angular/common@22.2.1(@angular/core@22.2.1(rxjs@7.8.2))(rxjs@7.8.2))(@angular/core@22.2.1(rxjs@7.8.2))(@angular/platform-browser@22.2.1(@angular/common@22.2.1(@angular/core@22.2.1(rxjs@7.8.2))(rxjs@7.8.2))(@angular/core@22.2.1(rxjs@7.8.2)))(rxjs@7.8.2)
      '@angular/platform-browser': 22.2.1(@angular/common@22.2.1(@angular/core@22.2.1(rxjs@7.8.2))(rxjs@7.8.2))(@angular/core@22.2.1(rxjs@7.8.2))
      '@angular/router': 22.2.1(@angular/common@22.2.1(@angular/core@22.2.1(rxjs@7.8.2))(rxjs@7.8.2))(@angular/core@22.2.1(rxjs@7.8.2))(@angular/platform-browser@22.2.1(@angular/common@22.2.1(@angular/core@22.2.1(rxjs@7.8.2))(rxjs@7.8.2))(@angular/core@22.2.1(rxjs@7.8.2)))(rxjs@7.8.2)
      '@primeicons/angular': 8.0.2(@angular/core@22.2.1(rxjs@7.8.2))
      '@primeui/license-manager': 1.1.0
      '@primeuix/motion': 1.0.0
      '@primeuix/styled': 1.0.0
      '@primeuix/styles': 3.0.1
      '@primeuix/utils': 0.8.2
      rxjs: 7.8.2
      tslib: 2.8.1

  rxjs@7.8.2:
    dependencies:
      tslib: 2.8.1

  source-map-js@1.2.2: {}

  tailwindcss@4.3.3: {}

  tslib@2.8.1: {}

  zod@4.6.5: {}
